// !$*UTF8*$!
{
	archiveVersion = 1;
	classes = {
	};
	objectVersion = 50;
	objects = {

/* Begin PBXBuildFile section */
		F4273B83222D562D00AB7394 /* LoginViewController.swift in Sources */ = {isa = PBXBuildFile; fileRef = F4273B82222D562D00AB7394 /* LoginViewController.swift */; };
		F4273B85222D58B000AB7394 /* NavigationalController.swift in Sources */ = {isa = PBXBuildFile; fileRef = F4273B84222D58B000AB7394 /* NavigationalController.swift */; };
		F4273B87222D5C7E00AB7394 /* FirstViewController.swift in Sources */ = {isa = PBXBuildFile; fileRef = F4273B86222D5C7E00AB7394 /* FirstViewController.swift */; };
		F4CE4587222BF49400438704 /* AppDelegate.swift in Sources */ = {isa = PBXBuildFile; fileRef = F4CE4586222BF49400438704 /* AppDelegate.swift */; };
		F4CE4589222BF49400438704 /* TodolistViewController.swift in Sources */ = {isa = PBXBuildFile; fileRef = F4CE4588222BF49400438704 /* TodolistViewController.swift */; };
		F4CE458C222BF49400438704 /* Main.storyboard in Resources */ = {isa = PBXBuildFile; fileRef = F4CE458A222BF49400438704 /* Main.storyboard */; };
		F4CE458E222BF49A00438704 /* Assets.xcassets in Resources */ = {isa = PBXBuildFile; fileRef = F4CE458D222BF49A00438704 /* Assets.xcassets */; };
		F4CE4591222BF49A00438704 /* LaunchScreen.storyboard in Resources */ = {isa = PBXBuildFile; fileRef = F4CE458F222BF49A00438704 /* LaunchScreen.storyboard */; };
		F4CE459C222BF49A00438704 /* todolistTests.swift in Sources */ = {isa = PBXBuildFile; fileRef = F4CE459B222BF49A00438704 /* todolistTests.swift */; };
		F4CE45A7222BF49A00438704 /* todolistUITests.swift in Sources */ = {isa = PBXBuildFile; fileRef = F4CE45A6222BF49A00438704 /* todolistUITests.swift */; };
		F4CE45B7222C1F4600438704 /* CellController.swift in Sources */ = {isa = PBXBuildFile; fileRef = F4CE45B6222C1F4600438704 /* CellController.swift */; };
/* End PBXBuildFile section */

/* Begin PBXContainerItemProxy section */
		F4CE4598222BF49A00438704 /* PBXContainerItemProxy */ = {
			isa = PBXContainerItemProxy;
			containerPortal = F4CE457B222BF49400438704 /* Project object */;
			proxyType = 1;
			remoteGlobalIDString = F4CE4582222BF49400438704;
			remoteInfo = todolist;
		};
		F4CE45A3222BF49A00438704 /* PBXContainerItemProxy */ = {
			isa = PBXContainerItemProxy;
			containerPortal = F4CE457B222BF49400438704 /* Project object */;
			proxyType = 1;
			remoteGlobalIDString = F4CE4582222BF49400438704;
			remoteInfo = todolist;
		};
/* End PBXContainerItemProxy section */

/* Begin PBXFileReference section */
		F4273B82222D562D00AB7394 /* LoginViewController.swift */ = {isa = PBXFileReference; lastKnownFileType = sourcecode.swift; path = LoginViewController.swift; sourceTree = "<group>"; };
		F4273B84222D58B000AB7394 /* NavigationalController.swift */ = {isa = PBXFileReference; lastKnownFileType = sourcecode.swift; path = NavigationalController.swift; sourceTree = "<group>"; };
		F4273B86222D5C7E00AB7394 /* FirstViewController.swift */ = {isa = PBXFileReference; lastKnownFileType = sourcecode.swift; path = FirstViewController.swift; sourceTree = "<group>"; };
		F4CE4583222BF49400438704 /* todolist.app */ = {isa = PBXFileReference; explicitFileType = wrapper.application; includeInIndex = 0; path = todolist.app; sourceTree = BUILT_PRODUCTS_DIR; };
		F4CE4586222BF49400438704 /* AppDelegate.swift */ = {isa = PBXFileReference; lastKnownFileType = sourcecode.swift; path = AppDelegate.swift; sourceTree = "<group>"; };
		F4CE4588222BF49400438704 /* TodolistViewController.swift */ = {isa = PBXFileReference; lastKnownFileType = sourcecode.swift; path = TodolistViewController.swift; sourceTree = "<group>"; };
		F4CE458B222BF49400438704 /* Base */ = {isa = PBXFileReference; lastKnownFileType = file.storyboard; name = Base; path = Base.lproj/Main.storyboard; sourceTree = "<group>"; };
		F4CE458D222BF49A00438704 /* Assets.xcassets */ = {isa = PBXFileReference; lastKnownFileType = folder.assetcatalog; path = Assets.xcassets; sourceTree = "<group>"; };
		F4CE4590222BF49A00438704 /* Base */ = {isa = PBXFileReference; lastKnownFileType = file.storyboard; name = Base; path = Base.lproj/LaunchScreen.storyboard; sourceTree = "<group>"; };
		F4CE4592222BF49A00438704 /* Info.plist */ = {isa = PBXFileReference; lastKnownFileType = text.plist.xml; path = Info.plist; sourceTree = "<group>"; };
		F4CE4597222BF49A00438704 /* todolistTests.xctest */ = {isa = PBXFileReference; explicitFileType = wrapper.cfbundle; includeInIndex = 0; path = todolistTests.xctest; sourceTree = BUILT_PRODUCTS_DIR; };
		F4CE459B222BF49A00438704 /* todolistTests.swift */ = {isa = PBXFileReference; lastKnownFileType = sourcecode.swift; path = todolistTests.swift; sourceTree = "<group>"; };
		F4CE459D222BF49A00438704 /* Info.plist */ = {isa = PBXFileReference; lastKnownFileType = text.plist.xml; path = Info.plist; sourceTree = "<group>"; };
		F4CE45A2222BF49A00438704 /* todolistUITests.xctest */ = {isa = PBXFileReference; explicitFileType = wrapper.cfbundle; includeInIndex = 0; path = todolistUITests.xctest; sourceTree = BUILT_PRODUCTS_DIR; };
		F4CE45A6222BF49A00438704 /* todolistUITests.swift */ = {isa = PBXFileReference; lastKnownFileType = sourcecode.swift; path = todolistUITests.swift; sourceTree = "<group>"; };
		F4CE45A8222BF49A00438704 /* Info.plist */ = {isa = PBXFileReference; lastKnownFileType = text.plist.xml; path = Info.plist; sourceTree = "<group>"; };
		F4CE45B6222C1F4600438704 /* CellController.swift */ = {isa = PBXFileReference; lastKnownFileType = sourcecode.swift; path = CellController.swift; sourceTree = "<group>"; };
/* End PBXFileReference section */

/* Begin PBXFrameworksBuildPhase section */
		F4CE4580222BF49400438704 /* Frameworks */ = {
			isa = PBXFrameworksBuildPhase;
			buildActionMask = 2147483647;
			files = (
			);
			runOnlyForDeploymentPostprocessing = 0;
		};
		F4CE4594222BF49A00438704 /* Frameworks */ = {
			isa = PBXFrameworksBuildPhase;
			buildActionMask = 2147483647;
			files = (
			);
			runOnlyForDeploymentPostprocessing = 0;
		};
		F4CE459F222BF49A00438704 /* Frameworks */ = {
			isa = PBXFrameworksBuildPhase;
			buildActionMask = 2147483647;
			files = (
			);
			runOnlyForDeploymentPostprocessing = 0;
		};
/* End PBXFrameworksBuildPhase section */

/* Begin PBXGroup section */
		F4CE457A222BF49400438704 = {
			isa = PBXGroup;
			children = (
				F4CE4585222BF49400438704 /* todolist */,
				F4CE459A222BF49A00438704 /* todolistTests */,
				F4CE45A5222BF49A00438704 /* todolistUITests */,
				F4CE4584222BF49400438704 /* Products */,
			);
			sourceTree = "<group>";
		};
		F4CE4584222BF49400438704 /* Products */ = {
			isa = PBXGroup;
			children = (
				F4CE4583222BF49400438704 /* todolist.app */,
				F4CE4597222BF49A00438704 /* todolistTests.xctest */,
				F4CE45A2222BF49A00438704 /* todolistUITests.xctest */,
			);
			name = Products;
			sourceTree = "<group>";
		};
		F4CE4585222BF49400438704 /* todolist */ = {
			isa = PBXGroup;
			children = (
				F4CE4586222BF49400438704 /* AppDelegate.swift */,
				F4CE4588222BF49400438704 /* TodolistViewController.swift */,
				F4CE45B6222C1F4600438704 /* CellController.swift */,
				F4CE458A222BF49400438704 /* Main.storyboard */,
				F4CE458D222BF49A00438704 /* Assets.xcassets */,
				F4CE458F222BF49A00438704 /* LaunchScreen.storyboard */,
				F4CE4592222BF49A00438704 /* Info.plist */,
				F4273B82222D562D00AB7394 /* LoginViewController.swift */,
				F4273B84222D58B000AB7394 /* NavigationalController.swift */,
				F4273B86222D5C7E00AB7394 /* FirstViewController.swift */,
			);
			path = todolist;
			sourceTree = "<group>";
		};
		F4CE459A222BF49A00438704 /* todolistTests */ = {
			isa = PBXGroup;
			children = (
				F4CE459B222BF49A00438704 /* todolistTests.swift */,
				F4CE459D222BF49A00438704 /* Info.plist */,
			);
			path = todolistTests;
			sourceTree = "<group>";
		};
		F4CE45A5222BF49A00438704 /* todolistUITests */ = {
			isa = PBXGroup;
			children = (
				F4CE45A6222BF49A00438704 /* todolistUITests.swift */,
				F4CE45A8222BF49A00438704 /* Info.plist */,
			);
			path = todolistUITests;
			sourceTree = "<group>";
		};
/* End PBXGroup section */

/* Begin PBXNativeTarget section */
		F4CE4582222BF49400438704 /* todolist */ = {
			isa = PBXNativeTarget;
			buildConfigurationList = F4CE45AB222BF49A00438704 /* Build configuration list for PBXNativeTarget "todolist" */;
			buildPhases = (
				F4CE457F222BF49400438704 /* Sources */,
				F4CE4580222BF49400438704 /* Frameworks */,
				F4CE4581222BF49400438704 /* Resources */,
			);
			buildRules = (
			);
			dependencies = (
			);
			name = todolist;
			productName = todolist;
			productReference = F4CE4583222BF49400438704 /* todolist.app */;
			productType = "com.apple.product-type.application";
		};
		F4CE4596222BF49A00438704 /* todolistTests */ = {
			isa = PBXNativeTarget;
			buildConfigurationList = F4CE45AE222BF49A00438704 /* Build configuration list for PBXNativeTarget "todolistTests" */;
			buildPhases = (
				F4CE4593222BF49A00438704 /* Sources */,
				F4CE4594222BF49A00438704 /* Frameworks */,
				F4CE4595222BF49A00438704 /* Resources */,
			);
			buildRules = (
			);
			dependencies = (
				F4CE4599222BF49A00438704 /* PBXTargetDependency */,
			);
			name = todolistTests;
			productName = todolistTests;
			productReference = F4CE4597222BF49A00438704 /* todolistTests.xctest */;
			productType = "com.apple.product-type.bundle.unit-test";
		};
		F4CE45A1222BF49A00438704 /* todolistUITests */ = {
			isa = PBXNativeTarget;
			buildConfigurationList = F4CE45B1222BF49A00438704 /* Build configuration list for PBXNativeTarget "todolistUITests" */;
			buildPhases = (
				F4CE459E222BF49A00438704 /* Sources */,
				F4CE459F222BF49A00438704 /* Frameworks */,
				F4CE45A0222BF49A00438704 /* Resources */,
			);
			buildRules = (
			);
			dependencies = (
				F4CE45A4222BF49A00438704 /* PBXTargetDependency */,
			);
			name = todolistUITests;
			productName = todolistUITests;
			productReference = F4CE45A2222BF49A00438704 /* todolistUITests.xctest */;
			productType = "com.apple.product-type.bundle.ui-testing";
		};
/* End PBXNativeTarget section */

/* Begin PBXProject section */
		F4CE457B222BF49400438704 /* Project object */ = {
			isa = PBXProject;
			attributes = {
				LastSwiftUpdateCheck = 1010;
				LastUpgradeCheck = 1010;
				ORGANIZATIONNAME = home;
				TargetAttributes = {
					F4CE4582222BF49400438704 = {
						CreatedOnToolsVersion = 10.1;
					};
					F4CE4596222BF49A00438704 = {
						CreatedOnToolsVersion = 10.1;
						TestTargetID = F4CE4582222BF49400438704;
					};
					F4CE45A1222BF49A00438704 = {
						CreatedOnToolsVersion = 10.1;
						TestTargetID = F4CE4582222BF49400438704;
					};
				};
			};
			buildConfigurationList = F4CE457E222BF49400438704 /* Build configuration list for PBXProject "todolist" */;
			compatibilityVersion = "Xcode 9.3";
			developmentRegion = en;
			hasScannedForEncodings = 0;
			knownRegions = (
				en,
				Base,
			);
			mainGroup = F4CE457A222BF49400438704;
			productRefGroup = F4CE4584222BF49400438704 /* Products */;
			projectDirPath = "";
			projectRoot = "";
			targets = (
				F4CE4582222BF49400438704 /* todolist */,
				F4CE4596222BF49A00438704 /* todolistTests */,
				F4CE45A1222BF49A00438704 /* todolistUITests */,
			);
		};
/* End PBXProject section */

/* Begin PBXResourcesBuildPhase section */
		F4CE4581222BF49400438704 /* Resources */ = {
			isa = PBXResourcesBuildPhase;
			buildActionMask = 2147483647;
			files = (
				F4CE4591222BF49A00438704 /* LaunchScreen.storyboard in Resources */,
				F4CE458E222BF49A00438704 /* Assets.xcassets in Resources */,
				F4CE458C222BF49400438704 /* Main.storyboard in Resources */,
			);
			runOnlyForDeploymentPostprocessing = 0;
		};
		F4CE4595222BF49A00438704 /* Resources */ = {
			isa = PBXResourcesBuildPhase;
			buildActionMask = 2147483647;
			files = (
			);
			runOnlyForDeploymentPostprocessing = 0;
		};
		F4CE45A0222BF49A00438704 /* Resources */ = {
			isa = PBXResourcesBuildPhase;
			buildActionMask = 2147483647;
			files = (
			);
			runOnlyForDeploymentPostprocessing = 0;
		};
/* End PBXResourcesBuildPhase section */

/* Begin PBXSourcesBuildPhase section */
		F4CE457F222BF49400438704 /* Sources */ = {
			isa = PBXSourcesBuildPhase;
			buildActionMask = 2147483647;
			files = (
				F4273B83222D562D00AB7394 /* LoginViewController.swift in Sources */,
				F4CE45B7222C1F4600438704 /* CellController.swift in Sources */,
				F4273B85222D58B000AB7394 /* NavigationalController.swift in Sources */,
				F4273B87222D5C7E00AB7394 /* FirstViewController.swift in Sources */,
				F4CE4589222BF49400438704 /* TodolistViewController.swift in Sources */,
				F4CE4587222BF49400438704 /* AppDelegate.swift in Sources */,
			);
			runOnlyForDeploymentPostprocessing = 0;
		};
		F4CE4593222BF49A00438704 /* Sources */ = {
			isa = PBXSourcesBuildPhase;
			buildActionMask = 2147483647;
			files = (
				F4CE459C222BF49A00438704 /* todolistTests.swift in Sources */,
			);
			runOnlyForDeploymentPostprocessing = 0;
		};
		F4CE459E222BF49A00438704 /* Sources */ = {
			isa = PBXSourcesBuildPhase;
			buildActionMask = 2147483647;
			files = (
				F4CE45A7222BF49A00438704 /* todolistUITests.swift in Sources */,
			);
			runOnlyForDeploymentPostprocessing = 0;
		};
/* End PBXSourcesBuildPhase section */

/* Begin PBXTargetDependency section */
		F4CE4599222BF49A00438704 /* PBXTargetDependency */ = {
			isa = PBXTargetDependency;
			target = F4CE4582222BF49400438704 /* todolist */;
			targetProxy = F4CE4598222BF49A00438704 /* PBXContainerItemProxy */;
		};
		F4CE45A4222BF49A00438704 /* PBXTargetDependency */ = {
			isa = PBXTargetDependency;
			target = F4CE4582222BF49400438704 /* todolist */;
			targetProxy = F4CE45A3222BF49A00438704 /* PBXContainerItemProxy */;
		};
/* End PBXTargetDependency section */

/* Begin PBXVariantGroup section */
		F4CE458A222BF49400438704 /* Main.storyboard */ = {
			isa = PBXVariantGroup;
			children = (
				F4CE458B222BF49400438704 /* Base */,
			);
			name = Main.storyboard;
			sourceTree = "<group>";
		};
		F4CE458F222BF49A00438704 /* LaunchScreen.storyboard */ = {
			isa = PBXVariantGroup;
			children = (
				F4CE4590222BF49A00438704 /* Base */,
			);
			name = LaunchScreen.storyboard;
			sourceTree = "<group>";
		};
/* End PBXVariantGroup section */

/* Begin XCBuildConfiguration section */
		F4CE45A9222BF49A00438704 /* Debug */ = {
			isa = XCBuildConfiguration;
			buildSettings = {
				ALWAYS_SEARCH_USER_PATHS = NO;
				CLANG_ANALYZER_NONNULL = YES;
				CLANG_ANALYZER_NUMBER_OBJECT_CONVERSION = YES_AGGRESSIVE;
				CLANG_CXX_LANGUAGE_STANDARD = "gnu++14";
				CLANG_CXX_LIBRARY = "libc++";
				CLANG_ENABLE_MODULES = YES;
				CLANG_ENABLE_OBJC_ARC = YES;
				CLANG_ENABLE_OBJC_WEAK = YES;
				CLANG_WARN_BLOCK_CAPTURE_AUTORELEASING = YES;
				CLANG_WARN_BOOL_CONVERSION = YES;
				CLANG_WARN_COMMA = YES;
				CLANG_WARN_CONSTANT_CONVERSION = YES;
				CLANG_WARN_DEPRECATED_OBJC_IMPLEMENTATIONS = YES;
				CLANG_WARN_DIRECT_OBJC_ISA_USAGE = YES_ERROR;
				CLANG_WARN_DOCUMENTATION_COMMENTS = YES;
				CLANG_WARN_EMPTY_BODY = YES;
				CLANG_WARN_ENUM_CONVERSION = YES;
				CLANG_WARN_INFINITE_RECURSION = YES;
				CLANG_WARN_INT_CONVERSION = YES;
				CLANG_WARN_NON_LITERAL_NULL_CONVERSION = YES;
				CLANG_WARN_OBJC_IMPLICIT_RETAIN_SELF = YES;
				CLANG_WARN_OBJC_LITERAL_CONVERSION = YES;
				CLANG_WARN_OBJC_ROOT_CLASS = YES_ERROR;
				CLANG_WARN_RANGE_LOOP_ANALYSIS = YES;
				CLANG_WARN_STRICT_PROTOTYPES = YES;
				CLANG_WARN_SUSPICIOUS_MOVE = YES;
				CLANG_WARN_UNGUARDED_AVAILABILITY = YES_AGGRESSIVE;
				CLANG_WARN_UNREACHABLE_CODE = YES;
				CLANG_WARN__DUPLICATE_METHOD_MATCH = YES;
				CODE_SIGN_IDENTITY = "iPhone Developer";
				COPY_PHASE_STRIP = NO;
				DEBUG_INFORMATION_FORMAT = dwarf;
				ENABLE_STRICT_OBJC_MSGSEND = YES;
				ENABLE_TESTABILITY = YES;
				GCC_C_LANGUAGE_STANDARD = gnu11;
				GCC_DYNAMIC_NO_PIC = NO;
				GCC_NO_COMMON_BLOCKS = YES;
				GCC_OPTIMIZATION_LEVEL = 0;
				GCC_PREPROCESSOR_DEFINITIONS = (
					"DEBUG=1",
					"$(inherited)",
				);
				GCC_WARN_64_TO_32_BIT_CONVERSION = YES;
				GCC_WARN_ABOUT_RETURN_TYPE = YES_ERROR;
				GCC_WARN_UNDECLARED_SELECTOR = YES;
				GCC_WARN_UNINITIALIZED_AUTOS = YES_AGGRESSIVE;
				GCC_WARN_UNUSED_FUNCTION = YES;
				GCC_WARN_UNUSED_VARIABLE = YES;
				IPHONEOS_DEPLOYMENT_TARGET = 12.1;
				MTL_ENABLE_DEBUG_INFO = INCLUDE_SOURCE;
				MTL_FAST_MATH = YES;
				ONLY_ACTIVE_ARCH = YES;
				SDKROOT = iphoneos;
				SWIFT_ACTIVE_COMPILATION_CONDITIONS = DEBUG;
				SWIFT_OPTIMIZATION_LEVEL = "-Onone";
			};
			name = Debug;
		};
		F4CE45AA222BF49A00438704 /* Release */ = {
			isa = XCBuildConfiguration;
			buildSettings = {
				ALWAYS_SEARCH_USER_PATHS = NO;
				CLANG_ANALYZER_NONNULL = YES;
				CLANG_ANALYZER_NUMBER_OBJECT_CONVERSION = YES_AGGRESSIVE;
				CLANG_CXX_LANGUAGE_STANDARD = "gnu++14";
				CLANG_CXX_LIBRARY = "libc++";
				CLANG_ENABLE_MODULES = YES;
				CLANG_ENABLE_OBJC_ARC = YES;
				CLANG_ENABLE_OBJC_WEAK = YES;
				CLANG_WARN_BLOCK_CAPTURE_AUTORELEASING = YES;
				CLANG_WARN_BOOL_CONVERSION = YES;
				CLANG_WARN_COMMA = YES;
				CLANG_WARN_CONSTANT_CONVERSION = YES;
				CLANG_WARN_DEPRECATED_OBJC_IMPLEMENTATIONS = YES;
				CLANG_WARN_DIRECT_OBJC_ISA_USAGE = YES_ERROR;
				CLANG_WARN_DOCUMENTATION_COMMENTS = YES;
				CLANG_WARN_EMPTY_BODY = YES;
				CLANG_WARN_ENUM_CONVERSION = YES;
				CLANG_WARN_INFINITE_RECURSION = YES;
				CLANG_WARN_INT_CONVERSION = YES;
				CLANG_WARN_NON_LITERAL_NULL_CONVERSION = YES;
				CLANG_WARN_OBJC_IMPLICIT_RETAIN_SELF = YES;
				CLANG_WARN_OBJC_LITERAL_CONVERSION = YES;
				CLANG_WARN_OBJC_ROOT_CLASS = YES_ERROR;
				CLANG_WARN_RANGE_LOOP_ANALYSIS = YES;
				CLANG_WARN_STRICT_PROTOTYPES = YES;
				CLANG_WARN_SUSPICIOUS_MOVE = YES;
				CLANG_WARN_UNGUARDED_AVAILABILITY = YES_AGGRESSIVE;
				CLANG_WARN_UNREACHABLE_CODE = YES;
				CLANG_WARN__DUPLICATE_METHOD_MATCH = YES;
				CODE_SIGN_IDENTITY = "iPhone Developer";
				COPY_PHASE_STRIP = NO;
				DEBUG_INFORMATION_FORMAT = "dwarf-with-dsym";
				ENABLE_NS_ASSERTIONS = NO;
				ENABLE_STRICT_OBJC_MSGSEND = YES;
				GCC_C_LANGUAGE_STANDARD = gnu11;
				GCC_NO_COMMON_BLOCKS = YES;
				GCC_WARN_64_TO_32_BIT_CONVERSION = YES;
				GCC_WARN_ABOUT_RETURN_TYPE = YES_ERROR;
				GCC_WARN_UNDECLARED_SELECTOR = YES;
				GCC_WARN_UNINITIALIZED_AUTOS = YES_AGGRESSIVE;
				GCC_WARN_UNUSED_FUNCTION = YES;
				GCC_WARN_UNUSED_VARIABLE = YES;
				IPHONEOS_DEPLOYMENT_TARGET = 12.1;
				MTL_ENABLE_DEBUG_INFO = NO;
				MTL_FAST_MATH = YES;
				SDKROOT = iphoneos;
				SWIFT_COMPILATION_MODE = wholemodule;
				SWIFT_OPTIMIZATION_LEVEL = "-O";
				VALIDATE_PRODUCT = YES;
			};
			name = Release;
		};
		F4CE45AC222BF49A00438704 /* Debug */ = {
			isa = XCBuildConfiguration;
			buildSettings = {
				ASSETCATALOG_COMPILER_APPICON_NAME = AppIcon;
				CODE_SIGN_STYLE = Automatic;
				INFOPLIST_FILE = todolist/Info.plist;
				LD_RUNPATH_SEARCH_PATHS = (
					"$(inherited)",
					"@executable_path/Frameworks",
				);
				PRODUCT_BUNDLE_IDENTIFIER = leo.todolist;
				PRODUCT_NAME = "$(TARGET_NAME)";
				SWIFT_VERSION = 4.2;
				TARGETED_DEVICE_FAMILY = "1,2";
			};
			name = Debug;
		};
		F4CE45AD222BF49A00438704 /* Release */ = {
			isa = XCBuildConfiguration;
			buildSettings = {
				ASSETCATALOG_COMPILER_APPICON_NAME = AppIcon;
				CODE_SIGN_STYLE = Automatic;
				INFOPLIST_FILE = todolist/Info.plist;
				LD_RUNPATH_SEARCH_PATHS = (
					"$(inherited)",
					"@executable_path/Frameworks",
				);
				PRODUCT_BUNDLE_IDENTIFIER = leo.todolist;
				PRODUCT_NAME = "$(TARGET_NAME)";
				SWIFT_VERSION = 4.2;
				TARGETED_DEVICE_FAMILY = "1,2";
			};
			name = Release;
		};
		F4CE45AF222BF49A00438704 /* Debug */ = {
			isa = XCBuildConfiguration;
			buildSettings = {
				ALWAYS_EMBED_SWIFT_STANDARD_LIBRARIES = YES;
				BUNDLE_LOADER = "$(TEST_HOST)";
				CODE_SIGN_STYLE = Automatic;
				INFOPLIST_FILE = todolistTests/Info.plist;
				LD_RUNPATH_SEARCH_PATHS = (
					"$(inherited)",
					"@executable_path/Frameworks",
					"@loader_path/Frameworks",
				);
				PRODUCT_BUNDLE_IDENTIFIER = leo.todolistTests;
				PRODUCT_NAME = "$(TARGET_NAME)";
				SWIFT_VERSION = 4.2;
				TARGETED_DEVICE_FAMILY = "1,2";
				TEST_HOST = "$(BUILT_PRODUCTS_DIR)/todolist.app/todolist";
			};
			name = Debug;
		};
		F4CE45B0222BF49A00438704 /* Release */ = {
			isa = XCBuildConfiguration;
			buildSettings = {
				ALWAYS_EMBED_SWIFT_STANDARD_LIBRARIES = YES;
				BUNDLE_LOADER = "$(TEST_HOST)";
				CODE_SIGN_STYLE = Automatic;
				INFOPLIST_FILE = todolistTests/Info.plist;
				LD_RUNPATH_SEARCH_PATHS = (
					"$(inherited)",
					"@executable_path/Frameworks",
					"@loader_path/Frameworks",
				);
				PRODUCT_BUNDLE_IDENTIFIER = leo.todolistTests;
				PRODUCT_NAME = "$(TARGET_NAME)";
				SWIFT_VERSION = 4.2;
				TARGETED_DEVICE_FAMILY = "1,2";
				TEST_HOST = "$(BUILT_PRODUCTS_DIR)/todolist.app/todolist";
			};
			name = Release;
		};
		F4CE45B2222BF49A00438704 /* Debug */ = {
			isa = XCBuildConfiguration;
			buildSettings = {
				ALWAYS_EMBED_SWIFT_STANDARD_LIBRARIES = YES;
				CODE_SIGN_STYLE = Automatic;
				INFOPLIST_FILE = todolistUITests/Info.plist;
				LD_RUNPATH_SEARCH_PATHS = (
					"$(inherited)",
					"@executable_path/Frameworks",
					"@loader_path/Frameworks",
				);
				PRODUCT_BUNDLE_IDENTIFIER = leo.todolistUITests;
				PRODUCT_NAME = "$(TARGET_NAME)";
				SWIFT_VERSION = 4.2;
				TARGETED_DEVICE_FAMILY = "1,2";
				TEST_TARGET_NAME = todolist;
			};
			name = Debug;
		};
		F4CE45B3222BF49A00438704 /* Release */ = {
			isa = XCBuildConfiguration;
			buildSettings = {
				ALWAYS_EMBED_SWIFT_STANDARD_LIBRARIES = YES;
				CODE_SIGN_STYLE = Automatic;
				INFOPLIST_FILE = todolistUITests/Info.plist;
				LD_RUNPATH_SEARCH_PATHS = (
					"$(inherited)",
					"@executable_path/Frameworks",
					"@loader_path/Frameworks",
				);
				PRODUCT_BUNDLE_IDENTIFIER = leo.todolistUITests;
				PRODUCT_NAME = "$(TARGET_NAME)";
				SWIFT_VERSION = 4.2;
				TARGETED_DEVICE_FAMILY = "1,2";
				TEST_TARGET_NAME = todolist;
			};
			name = Release;
		};
/* End XCBuildConfiguration section */

/* Begin XCConfigurationList section */
		F4CE457E222BF49400438704 /* Build configuration list for PBXProject "todolist" */ = {
			isa = XCConfigurationList;
			buildConfigurations = (
				F4CE45A9222BF49A00438704 /* Debug */,
				F4CE45AA222BF49A00438704 /* Release */,
			);
			defaultConfigurationIsVisible = 0;
			defaultConfigurationName = Release;
		};
		F4CE45AB222BF49A00438704 /* Build configuration list for PBXNativeTarget "todolist" */ = {
			isa = XCConfigurationList;
			buildConfigurations = (
				F4CE45AC222BF49A00438704 /* Debug */,
				F4CE45AD222BF49A00438704 /* Release */,
			);
			defaultConfigurationIsVisible = 0;
			defaultConfigurationName = Release;
		};
		F4CE45AE222BF49A00438704 /* Build configuration list for PBXNativeTarget "todolistTests" */ = {
			isa = XCConfigurationList;
			buildConfigurations = (
				F4CE45AF222BF49A00438704 /* Debug */,
				F4CE45B0222BF49A00438704 /* Release */,
			);
			defaultConfigurationIsVisible = 0;
			defaultConfigurationName = Release;
		};
		F4CE45B1222BF49A00438704 /* Build configuration list for PBXNativeTarget "todolistUITests" */ = {
			isa = XCConfigurationList;
			buildConfigurations = (
				F4CE45B2222BF49A00438704 /* Debug */,
				F4CE45B3222BF49A00438704 /* Release */,
			);
			defaultConfigurationIsVisible = 0;
			defaultConfigurationName = Release;
		};
/* End XCConfigurationList section */
	};
	rootObject = F4CE457B222BF49400438704 /* Project object */;
}
